
Microsoft Visual Studio Solution File, Format Version 12.00
# Visual Studio Version 16
VisualStudioVersion = 16.0.29318.209
MinimumVisualStudioVersion = 10.0.40219.1
Project("{FAE04EC0-301F-11D3-BF4B-00C04F79EFBC}") = "W20_QuetglasWebAPI", "W20_QuetglasWebAPI\W20_QuetglasWebAPI.csproj", "{5687B38A-4ADD-448C-B22D-A3AA4891A8E8}"
EndProject
Global
	GlobalSection(SolutionConfigurationPlatforms) = preSolution
		Debug|Any CPU = Debug|Any CPU
		Release|Any CPU = Release|Any CPU
	EndGlobalSection
	GlobalSection(ProjectConfigurationPlatforms) = postSolution
		{5687B38A-4ADD-448C-B22D-A3AA4891A8E8}.Debug|Any CPU.ActiveCfg = Debug|Any CPU
		{5687B38A-4ADD-448C-B22D-A3AA4891A8E8}.Debug|Any CPU.Build.0 = Debug|Any CPU
		{5687B38A-4ADD-448C-B22D-A3AA4891A8E8}.Release|Any CPU.ActiveCfg = Release|Any CPU
		{5687B38A-4ADD-448C-B22D-A3AA4891A8E8}.Release|Any CPU.Build.0 = Release|Any CPU
	EndGlobalSection
	GlobalSection(SolutionProperties) = preSolution
		HideSolutionNode = FALSE
	EndGlobalSection
	GlobalSection(ExtensibilityGlobals) = postSolution
		SolutionGuid = {4D3886AB-99FA-4419-8FD0-A9623429407A}
	EndGlobalSection
EndGlobal
